
Microsoft Visual Studio Solution File, Format Version 12.00
# Visual Studio Version 17
VisualStudioVersion = 17.0.31903.59
MinimumVisualStudioVersion = 10.0.40219.1
Project("{2150E333-8FDC-42A3-9474-1A3956D46DE8}") = "Theory", "Theory", "{1654D319-2249-435E-A89E-7DA67FDAE844}"
EndProject
Project("{2150E333-8FDC-42A3-9474-1A3956D46DE8}") = "2.C#", "2.C#", "{66EFA245-8061-4AB1-A89F-6C30CC1CE38F}"
EndProject
Project("{2150E333-8FDC-42A3-9474-1A3956D46DE8}") = "1. Basic syntax structures (like if statements, foreach loops, switch", "1. Basic syntax structures (like if statements, foreach loops, switch", "{86C51285-5F5B-414D-AF3F-0A85307CA59D}"
EndProject
Project("{FAE04EC0-301F-11D3-BF4B-00C04F79EFBC}") = "Theory2_1", "Theory\2.C#\1. Basic syntax structures (like if statements, foreach loops, switch\Theory2_1\Theory2_1.csproj", "{5E911CCA-DB3F-4989-8EA5-973B719AEBB5}"
EndProject
Project("{2150E333-8FDC-42A3-9474-1A3956D46DE8}") = "2. OOP", "2. OOP", "{A00CFAA9-10AF-4A7A-98BA-EBCBCD00FDD8}"
EndProject
Project("{FAE04EC0-301F-11D3-BF4B-00C04F79EFBC}") = "Theory2_2", "Theory\2.C#\2. OOP\Theory2_2\Theory2_2.csproj", "{BE4A456B-F5E8-4E03-BD27-2CAF67899360}"
EndProject
Project("{2150E333-8FDC-42A3-9474-1A3956D46DE8}") = "3. Exception handling", "3. Exception handling", "{07F0AA2D-B2B4-4D24-AB57-64D82A53ADA8}"
EndProject
Project("{FAE04EC0-301F-11D3-BF4B-00C04F79EFBC}") = "Theory2_3", "Theory\2.C#\3. Exception handling\Theory2_3\Theory2_3.csproj", "{E7A07734-4EC4-44E0-B576-9A7459302D9F}"
EndProject
Project("{2150E333-8FDC-42A3-9474-1A3956D46DE8}") = "4. Generics", "4. Generics", "{BC98DCC9-2390-4D41-888F-2847A47B0EB8}"
EndProject
Project("{FAE04EC0-301F-11D3-BF4B-00C04F79EFBC}") = "Theory2_4", "Theory\2.C#\4. Generics\Theory2_4\Theory2_4.csproj", "{3C02445B-C54A-49FF-BE47-9081C9CC7E47}"
EndProject
Global
	GlobalSection(SolutionConfigurationPlatforms) = preSolution
		Debug|Any CPU = Debug|Any CPU
		Release|Any CPU = Release|Any CPU
	EndGlobalSection
	GlobalSection(SolutionProperties) = preSolution
		HideSolutionNode = FALSE
	EndGlobalSection
	GlobalSection(ProjectConfigurationPlatforms) = postSolution
		{5E911CCA-DB3F-4989-8EA5-973B719AEBB5}.Debug|Any CPU.ActiveCfg = Debug|Any CPU
		{5E911CCA-DB3F-4989-8EA5-973B719AEBB5}.Debug|Any CPU.Build.0 = Debug|Any CPU
		{5E911CCA-DB3F-4989-8EA5-973B719AEBB5}.Release|Any CPU.ActiveCfg = Release|Any CPU
		{5E911CCA-DB3F-4989-8EA5-973B719AEBB5}.Release|Any CPU.Build.0 = Release|Any CPU
		{BE4A456B-F5E8-4E03-BD27-2CAF67899360}.Debug|Any CPU.ActiveCfg = Debug|Any CPU
		{BE4A456B-F5E8-4E03-BD27-2CAF67899360}.Debug|Any CPU.Build.0 = Debug|Any CPU
		{BE4A456B-F5E8-4E03-BD27-2CAF67899360}.Release|Any CPU.ActiveCfg = Release|Any CPU
		{BE4A456B-F5E8-4E03-BD27-2CAF67899360}.Release|Any CPU.Build.0 = Release|Any CPU
		{E7A07734-4EC4-44E0-B576-9A7459302D9F}.Debug|Any CPU.ActiveCfg = Debug|Any CPU
		{E7A07734-4EC4-44E0-B576-9A7459302D9F}.Debug|Any CPU.Build.0 = Debug|Any CPU
		{E7A07734-4EC4-44E0-B576-9A7459302D9F}.Release|Any CPU.ActiveCfg = Release|Any CPU
		{E7A07734-4EC4-44E0-B576-9A7459302D9F}.Release|Any CPU.Build.0 = Release|Any CPU
		{3C02445B-C54A-49FF-BE47-9081C9CC7E47}.Debug|Any CPU.ActiveCfg = Debug|Any CPU
		{3C02445B-C54A-49FF-BE47-9081C9CC7E47}.Debug|Any CPU.Build.0 = Debug|Any CPU
		{3C02445B-C54A-49FF-BE47-9081C9CC7E47}.Release|Any CPU.ActiveCfg = Release|Any CPU
		{3C02445B-C54A-49FF-BE47-9081C9CC7E47}.Release|Any CPU.Build.0 = Release|Any CPU
	EndGlobalSection
	GlobalSection(NestedProjects) = preSolution
		{66EFA245-8061-4AB1-A89F-6C30CC1CE38F} = {1654D319-2249-435E-A89E-7DA67FDAE844}
		{86C51285-5F5B-414D-AF3F-0A85307CA59D} = {66EFA245-8061-4AB1-A89F-6C30CC1CE38F}
		{5E911CCA-DB3F-4989-8EA5-973B719AEBB5} = {86C51285-5F5B-414D-AF3F-0A85307CA59D}
		{A00CFAA9-10AF-4A7A-98BA-EBCBCD00FDD8} = {66EFA245-8061-4AB1-A89F-6C30CC1CE38F}
		{BE4A456B-F5E8-4E03-BD27-2CAF67899360} = {A00CFAA9-10AF-4A7A-98BA-EBCBCD00FDD8}
		{07F0AA2D-B2B4-4D24-AB57-64D82A53ADA8} = {66EFA245-8061-4AB1-A89F-6C30CC1CE38F}
		{E7A07734-4EC4-44E0-B576-9A7459302D9F} = {07F0AA2D-B2B4-4D24-AB57-64D82A53ADA8}
		{BC98DCC9-2390-4D41-888F-2847A47B0EB8} = {66EFA245-8061-4AB1-A89F-6C30CC1CE38F}
		{3C02445B-C54A-49FF-BE47-9081C9CC7E47} = {BC98DCC9-2390-4D41-888F-2847A47B0EB8}
	EndGlobalSection
EndGlobal
