
Microsoft Visual Studio Solution File, Format Version 12.00
# Visual Studio Version 17
VisualStudioVersion = 17.0.31903.59
MinimumVisualStudioVersion = 10.0.40219.1
Project("{2150E333-8FDC-42A3-9474-1A3956D46DE8}") = "Theory", "Theory", "{1654D319-2249-435E-A89E-7DA67FDAE844}"
EndProject
Project("{2150E333-8FDC-42A3-9474-1A3956D46DE8}") = "2.C#", "2.C#", "{66EFA245-8061-4AB1-A89F-6C30CC1CE38F}"
EndProject
Project("{2150E333-8FDC-42A3-9474-1A3956D46DE8}") = "1. Basic syntax structures (like if statements, foreach loops, switch", "1. Basic syntax structures (like if statements, foreach loops, switch", "{86C51285-5F5B-414D-AF3F-0A85307CA59D}"
EndProject
Project("{FAE04EC0-301F-11D3-BF4B-00C04F79EFBC}") = "Theory2_1", "Theory\2.C#\1. Basic syntax structures (like if statements, foreach loops, switch\Theory2_1\Theory2_1.csproj", "{5E911CCA-DB3F-4989-8EA5-973B719AEBB5}"
EndProject
Project("{2150E333-8FDC-42A3-9474-1A3956D46DE8}") = "2. OOP", "2. OOP", "{A00CFAA9-10AF-4A7A-98BA-EBCBCD00FDD8}"
EndProject
Project("{FAE04EC0-301F-11D3-BF4B-00C04F79EFBC}") = "Theory2_2", "Theory\2.C#\2. OOP\Theory2_2\Theory2_2.csproj", "{BE4A456B-F5E8-4E03-BD27-2CAF67899360}"
EndProject
Project("{2150E333-8FDC-42A3-9474-1A3956D46DE8}") = "3. Exception handling", "3. Exception handling", "{07F0AA2D-B2B4-4D24-AB57-64D82A53ADA8}"
EndProject
Project("{FAE04EC0-301F-11D3-BF4B-00C04F79EFBC}") = "Theory2_3", "Theory\2.C#\3. Exception handling\Theory2_3\Theory2_3.csproj", "{E7A07734-4EC4-44E0-B576-9A7459302D9F}"
EndProject
Project("{2150E333-8FDC-42A3-9474-1A3956D46DE8}") = "4. Generics", "4. Generics", "{BC98DCC9-2390-4D41-888F-2847A47B0EB8}"
EndProject
Project("{FAE04EC0-301F-11D3-BF4B-00C04F79EFBC}") = "Theory2_4", "Theory\2.C#\4. Generics\Theory2_4\Theory2_4.csproj", "{3C02445B-C54A-49FF-BE47-9081C9CC7E47}"
EndProject
Project("{2150E333-8FDC-42A3-9474-1A3956D46DE8}") = "5. Collections", "5. Collections", "{605C1741-9FF1-4838-9654-FB541864DD16}"
EndProject
Project("{FAE04EC0-301F-11D3-BF4B-00C04F79EFBC}") = "Theory2_5", "Theory\2.C#\5. Collections\Theory2_5\Theory2_5.csproj", "{5C7BAC8E-C6C4-470A-A55A-C8A6BC98BA81}"
EndProject
Project("{2150E333-8FDC-42A3-9474-1A3956D46DE8}") = "6. LINQ", "6. LINQ", "{C5E986EB-7C9F-4B6D-BB19-8F5A8E8F20F9}"
EndProject
Project("{FAE04EC0-301F-11D3-BF4B-00C04F79EFBC}") = "Theory2_6", "Theory\2.C#\6. LINQ\Theory2_6\Theory2_6.csproj", "{D021AE13-4E87-4A91-9F6D-D721E4E4685F}"
EndProject
Project("{2150E333-8FDC-42A3-9474-1A3956D46DE8}") = "7. TPL & async-await", "7. TPL & async-await", "{21B62360-5049-488B-AC25-0DCE23824160}"
EndProject
Project("{FAE04EC0-301F-11D3-BF4B-00C04F79EFBC}") = "Theory2_7", "Theory\2.C#\7. TPL & async-await\Theory2_7\Theory2_7.csproj", "{D4B8D941-3BB7-48AD-A445-B4F18DD5EBA2}"
EndProject
Project("{2150E333-8FDC-42A3-9474-1A3956D46DE8}") = "3..Net Core", "3..Net Core", "{F4F86537-5F5B-4928-A463-1EE216E0C2FD}"
EndProject
Project("{2150E333-8FDC-42A3-9474-1A3956D46DE8}") = "1. .Net Core Basics", "1. .Net Core Basics", "{98989A1F-A450-432B-9FCB-B8E4D03F0BA5}"
EndProject
Project("{FAE04EC0-301F-11D3-BF4B-00C04F79EFBC}") = "Theory3_1", "Theory\3..Net Core\1. .Net Core Basics\Theory3_1\Theory3_1.csproj", "{6CD2A2E8-09E7-4121-BEFC-D4E1C465A2F2}"
EndProject
Project("{2150E333-8FDC-42A3-9474-1A3956D46DE8}") = "2. DI", "2. DI", "{07C0F2E3-4D0B-4AFA-85F4-8C1901470247}"
EndProject
Project("{FAE04EC0-301F-11D3-BF4B-00C04F79EFBC}") = "Theory3_2", "Theory\3..Net Core\2. DI\Theory3_2\Theory3_2.csproj", "{7DCD80CB-1D49-4740-A1E6-11CABDDC1C55}"
EndProject
Project("{2150E333-8FDC-42A3-9474-1A3956D46DE8}") = "3. Web API", "3. Web API", "{2AE34EE6-6549-4162-AE33-04B0C55F7128}"
EndProject
Project("{FAE04EC0-301F-11D3-BF4B-00C04F79EFBC}") = "Theory3_3", "Theory\3..Net Core\3. Web API\Theory3_3\Theory3_3.csproj", "{DF14C5BC-1292-4F5A-A982-9F9D4DB112FF}"
EndProject
Global
	GlobalSection(SolutionConfigurationPlatforms) = preSolution
		Debug|Any CPU = Debug|Any CPU
		Release|Any CPU = Release|Any CPU
	EndGlobalSection
	GlobalSection(SolutionProperties) = preSolution
		HideSolutionNode = FALSE
	EndGlobalSection
	GlobalSection(ProjectConfigurationPlatforms) = postSolution
		{5E911CCA-DB3F-4989-8EA5-973B719AEBB5}.Debug|Any CPU.ActiveCfg = Debug|Any CPU
		{5E911CCA-DB3F-4989-8EA5-973B719AEBB5}.Debug|Any CPU.Build.0 = Debug|Any CPU
		{5E911CCA-DB3F-4989-8EA5-973B719AEBB5}.Release|Any CPU.ActiveCfg = Release|Any CPU
		{5E911CCA-DB3F-4989-8EA5-973B719AEBB5}.Release|Any CPU.Build.0 = Release|Any CPU
		{BE4A456B-F5E8-4E03-BD27-2CAF67899360}.Debug|Any CPU.ActiveCfg = Debug|Any CPU
		{BE4A456B-F5E8-4E03-BD27-2CAF67899360}.Debug|Any CPU.Build.0 = Debug|Any CPU
		{BE4A456B-F5E8-4E03-BD27-2CAF67899360}.Release|Any CPU.ActiveCfg = Release|Any CPU
		{BE4A456B-F5E8-4E03-BD27-2CAF67899360}.Release|Any CPU.Build.0 = Release|Any CPU
		{E7A07734-4EC4-44E0-B576-9A7459302D9F}.Debug|Any CPU.ActiveCfg = Debug|Any CPU
		{E7A07734-4EC4-44E0-B576-9A7459302D9F}.Debug|Any CPU.Build.0 = Debug|Any CPU
		{E7A07734-4EC4-44E0-B576-9A7459302D9F}.Release|Any CPU.ActiveCfg = Release|Any CPU
		{E7A07734-4EC4-44E0-B576-9A7459302D9F}.Release|Any CPU.Build.0 = Release|Any CPU
		{3C02445B-C54A-49FF-BE47-9081C9CC7E47}.Debug|Any CPU.ActiveCfg = Debug|Any CPU
		{3C02445B-C54A-49FF-BE47-9081C9CC7E47}.Debug|Any CPU.Build.0 = Debug|Any CPU
		{3C02445B-C54A-49FF-BE47-9081C9CC7E47}.Release|Any CPU.ActiveCfg = Release|Any CPU
		{3C02445B-C54A-49FF-BE47-9081C9CC7E47}.Release|Any CPU.Build.0 = Release|Any CPU
		{5C7BAC8E-C6C4-470A-A55A-C8A6BC98BA81}.Debug|Any CPU.ActiveCfg = Debug|Any CPU
		{5C7BAC8E-C6C4-470A-A55A-C8A6BC98BA81}.Debug|Any CPU.Build.0 = Debug|Any CPU
		{5C7BAC8E-C6C4-470A-A55A-C8A6BC98BA81}.Release|Any CPU.ActiveCfg = Release|Any CPU
		{5C7BAC8E-C6C4-470A-A55A-C8A6BC98BA81}.Release|Any CPU.Build.0 = Release|Any CPU
		{D021AE13-4E87-4A91-9F6D-D721E4E4685F}.Debug|Any CPU.ActiveCfg = Debug|Any CPU
		{D021AE13-4E87-4A91-9F6D-D721E4E4685F}.Debug|Any CPU.Build.0 = Debug|Any CPU
		{D021AE13-4E87-4A91-9F6D-D721E4E4685F}.Release|Any CPU.ActiveCfg = Release|Any CPU
		{D021AE13-4E87-4A91-9F6D-D721E4E4685F}.Release|Any CPU.Build.0 = Release|Any CPU
		{D4B8D941-3BB7-48AD-A445-B4F18DD5EBA2}.Debug|Any CPU.ActiveCfg = Debug|Any CPU
		{D4B8D941-3BB7-48AD-A445-B4F18DD5EBA2}.Debug|Any CPU.Build.0 = Debug|Any CPU
		{D4B8D941-3BB7-48AD-A445-B4F18DD5EBA2}.Release|Any CPU.ActiveCfg = Release|Any CPU
		{D4B8D941-3BB7-48AD-A445-B4F18DD5EBA2}.Release|Any CPU.Build.0 = Release|Any CPU
		{6CD2A2E8-09E7-4121-BEFC-D4E1C465A2F2}.Debug|Any CPU.ActiveCfg = Debug|Any CPU
		{6CD2A2E8-09E7-4121-BEFC-D4E1C465A2F2}.Debug|Any CPU.Build.0 = Debug|Any CPU
		{6CD2A2E8-09E7-4121-BEFC-D4E1C465A2F2}.Release|Any CPU.ActiveCfg = Release|Any CPU
		{6CD2A2E8-09E7-4121-BEFC-D4E1C465A2F2}.Release|Any CPU.Build.0 = Release|Any CPU
		{7DCD80CB-1D49-4740-A1E6-11CABDDC1C55}.Debug|Any CPU.ActiveCfg = Debug|Any CPU
		{7DCD80CB-1D49-4740-A1E6-11CABDDC1C55}.Debug|Any CPU.Build.0 = Debug|Any CPU
		{7DCD80CB-1D49-4740-A1E6-11CABDDC1C55}.Release|Any CPU.ActiveCfg = Release|Any CPU
		{7DCD80CB-1D49-4740-A1E6-11CABDDC1C55}.Release|Any CPU.Build.0 = Release|Any CPU
		{DF14C5BC-1292-4F5A-A982-9F9D4DB112FF}.Debug|Any CPU.ActiveCfg = Debug|Any CPU
		{DF14C5BC-1292-4F5A-A982-9F9D4DB112FF}.Debug|Any CPU.Build.0 = Debug|Any CPU
		{DF14C5BC-1292-4F5A-A982-9F9D4DB112FF}.Release|Any CPU.ActiveCfg = Release|Any CPU
		{DF14C5BC-1292-4F5A-A982-9F9D4DB112FF}.Release|Any CPU.Build.0 = Release|Any CPU
	EndGlobalSection
	GlobalSection(NestedProjects) = preSolution
		{66EFA245-8061-4AB1-A89F-6C30CC1CE38F} = {1654D319-2249-435E-A89E-7DA67FDAE844}
		{86C51285-5F5B-414D-AF3F-0A85307CA59D} = {66EFA245-8061-4AB1-A89F-6C30CC1CE38F}
		{5E911CCA-DB3F-4989-8EA5-973B719AEBB5} = {86C51285-5F5B-414D-AF3F-0A85307CA59D}
		{A00CFAA9-10AF-4A7A-98BA-EBCBCD00FDD8} = {66EFA245-8061-4AB1-A89F-6C30CC1CE38F}
		{BE4A456B-F5E8-4E03-BD27-2CAF67899360} = {A00CFAA9-10AF-4A7A-98BA-EBCBCD00FDD8}
		{07F0AA2D-B2B4-4D24-AB57-64D82A53ADA8} = {66EFA245-8061-4AB1-A89F-6C30CC1CE38F}
		{E7A07734-4EC4-44E0-B576-9A7459302D9F} = {07F0AA2D-B2B4-4D24-AB57-64D82A53ADA8}
		{BC98DCC9-2390-4D41-888F-2847A47B0EB8} = {66EFA245-8061-4AB1-A89F-6C30CC1CE38F}
		{3C02445B-C54A-49FF-BE47-9081C9CC7E47} = {BC98DCC9-2390-4D41-888F-2847A47B0EB8}
		{605C1741-9FF1-4838-9654-FB541864DD16} = {66EFA245-8061-4AB1-A89F-6C30CC1CE38F}
		{5C7BAC8E-C6C4-470A-A55A-C8A6BC98BA81} = {605C1741-9FF1-4838-9654-FB541864DD16}
		{C5E986EB-7C9F-4B6D-BB19-8F5A8E8F20F9} = {66EFA245-8061-4AB1-A89F-6C30CC1CE38F}
		{D021AE13-4E87-4A91-9F6D-D721E4E4685F} = {C5E986EB-7C9F-4B6D-BB19-8F5A8E8F20F9}
		{21B62360-5049-488B-AC25-0DCE23824160} = {66EFA245-8061-4AB1-A89F-6C30CC1CE38F}
		{D4B8D941-3BB7-48AD-A445-B4F18DD5EBA2} = {21B62360-5049-488B-AC25-0DCE23824160}
		{F4F86537-5F5B-4928-A463-1EE216E0C2FD} = {1654D319-2249-435E-A89E-7DA67FDAE844}
		{98989A1F-A450-432B-9FCB-B8E4D03F0BA5} = {F4F86537-5F5B-4928-A463-1EE216E0C2FD}
		{6CD2A2E8-09E7-4121-BEFC-D4E1C465A2F2} = {98989A1F-A450-432B-9FCB-B8E4D03F0BA5}
		{07C0F2E3-4D0B-4AFA-85F4-8C1901470247} = {F4F86537-5F5B-4928-A463-1EE216E0C2FD}
		{7DCD80CB-1D49-4740-A1E6-11CABDDC1C55} = {07C0F2E3-4D0B-4AFA-85F4-8C1901470247}
		{2AE34EE6-6549-4162-AE33-04B0C55F7128} = {F4F86537-5F5B-4928-A463-1EE216E0C2FD}
		{DF14C5BC-1292-4F5A-A982-9F9D4DB112FF} = {2AE34EE6-6549-4162-AE33-04B0C55F7128}
	EndGlobalSection
EndGlobal
